// !$*UTF8*$!
{
	archiveVersion = 1;
	classes = {
	};
	objectVersion = 50;
	objects = {

/* Begin PBXBuildFile section */
		2F0F54EF217222E30037ADC6 /* AppDelegate.m in Sources */ = {isa = PBXBuildFile; fileRef = 2F0F54EE217222E30037ADC6 /* AppDelegate.m */; };
		2F0F54F2217222E30037ADC6 /* ViewController.m in Sources */ = {isa = PBXBuildFile; fileRef = 2F0F54F1217222E30037ADC6 /* ViewController.m */; };
		2F0F54F5217222E30037ADC6 /* Main.storyboard in Resources */ = {isa = PBXBuildFile; fileRef = 2F0F54F3217222E30037ADC6 /* Main.storyboard */; };
		2F0F54F7217222E50037ADC6 /* Assets.xcassets in Resources */ = {isa = PBXBuildFile; fileRef = 2F0F54F6217222E50037ADC6 /* Assets.xcassets */; };
		2F0F54FA217222E50037ADC6 /* LaunchScreen.storyboard in Resources */ = {isa = PBXBuildFile; fileRef = 2F0F54F8217222E50037ADC6 /* LaunchScreen.storyboard */; };
		2F0F54FD217222E50037ADC6 /* main.m in Sources */ = {isa = PBXBuildFile; fileRef = 2F0F54FC217222E50037ADC6 /* main.m */; };
		2F0F5510217225CF0037ADC6 /* 9.jpg in Resources */ = {isa = PBXBuildFile; fileRef = 2F0F5505217225CF0037ADC6 /* 9.jpg */; };
		2F0F5511217225CF0037ADC6 /* 8.jpg in Resources */ = {isa = PBXBuildFile; fileRef = 2F0F5506217225CF0037ADC6 /* 8.jpg */; };
		2F0F5512217225CF0037ADC6 /* 0.jpg in Resources */ = {isa = PBXBuildFile; fileRef = 2F0F5507217225CF0037ADC6 /* 0.jpg */; };
		2F0F5513217225CF0037ADC6 /* 4.jpg in Resources */ = {isa = PBXBuildFile; fileRef = 2F0F5508217225CF0037ADC6 /* 4.jpg */; };
		2F0F5514217225CF0037ADC6 /* 5.jpg in Resources */ = {isa = PBXBuildFile; fileRef = 2F0F5509217225CF0037ADC6 /* 5.jpg */; };
		2F0F5515217225CF0037ADC6 /* 7.jpg in Resources */ = {isa = PBXBuildFile; fileRef = 2F0F550A217225CF0037ADC6 /* 7.jpg */; };
		2F0F5516217225CF0037ADC6 /* 6.jpg in Resources */ = {isa = PBXBuildFile; fileRef = 2F0F550B217225CF0037ADC6 /* 6.jpg */; };
		2F0F5517217225CF0037ADC6 /* 2.jpg in Resources */ = {isa = PBXBuildFile; fileRef = 2F0F550C217225CF0037ADC6 /* 2.jpg */; };
		2F0F5518217225CF0037ADC6 /* 3.jpg in Resources */ = {isa = PBXBuildFile; fileRef = 2F0F550D217225CF0037ADC6 /* 3.jpg */; };
		2F0F5519217225CF0037ADC6 /* 1.jpg in Resources */ = {isa = PBXBuildFile; fileRef = 2F0F550E217225CF0037ADC6 /* 1.jpg */; };
/* End PBXBuildFile section */

/* Begin PBXFileReference section */
		2F0F54EA217222E30037ADC6 /* ImageDrag.app */ = {isa = PBXFileReference; explicitFileType = wrapper.application; includeInIndex = 0; path = ImageDrag.app; sourceTree = BUILT_PRODUCTS_DIR; };
		2F0F54ED217222E30037ADC6 /* AppDelegate.h */ = {isa = PBXFileReference; lastKnownFileType = sourcecode.c.h; path = AppDelegate.h; sourceTree = "<group>"; };
		2F0F54EE217222E30037ADC6 /* AppDelegate.m */ = {isa = PBXFileReference; lastKnownFileType = sourcecode.c.objc; path = AppDelegate.m; sourceTree = "<group>"; };
		2F0F54F0217222E30037ADC6 /* ViewController.h */ = {isa = PBXFileReference; lastKnownFileType = sourcecode.c.h; path = ViewController.h; sourceTree = "<group>"; };
		2F0F54F1217222E30037ADC6 /* ViewController.m */ = {isa = PBXFileReference; lastKnownFileType = sourcecode.c.objc; path = ViewController.m; sourceTree = "<group>"; };
		2F0F54F4217222E30037ADC6 /* Base */ = {isa = PBXFileReference; lastKnownFileType = file.storyboard; name = Base; path = Base.lproj/Main.storyboard; sourceTree = "<group>"; };
		2F0F54F6217222E50037ADC6 /* Assets.xcassets */ = {isa = PBXFileReference; lastKnownFileType = folder.assetcatalog; path = Assets.xcassets; sourceTree = "<group>"; };
		2F0F54F9217222E50037ADC6 /* Base */ = {isa = PBXFileReference; lastKnownFileType = file.storyboard; name = Base; path = Base.lproj/LaunchScreen.storyboard; sourceTree = "<group>"; };
		2F0F54FB217222E50037ADC6 /* Info.plist */ = {isa = PBXFileReference; lastKnownFileType = text.plist.xml; path = Info.plist; sourceTree = "<group>"; };
		2F0F54FC217222E50037ADC6 /* main.m */ = {isa = PBXFileReference; lastKnownFileType = sourcecode.c.objc; path = main.m; sourceTree = "<group>"; };
		2F0F5505217225CF0037ADC6 /* 9.jpg */ = {isa = PBXFileReference; lastKnownFileType = image.jpeg; path = 9.jpg; sourceTree = "<group>"; };
		2F0F5506217225CF0037ADC6 /* 8.jpg */ = {isa = PBXFileReference; lastKnownFileType = image.jpeg; path = 8.jpg; sourceTree = "<group>"; };
		2F0F5507217225CF0037ADC6 /* 0.jpg */ = {isa = PBXFileReference; lastKnownFileType = image.jpeg; path = 0.jpg; sourceTree = "<group>"; };
		2F0F5508217225CF0037ADC6 /* 4.jpg */ = {isa = PBXFileReference; lastKnownFileType = image.jpeg; path = 4.jpg; sourceTree = "<group>"; };
		2F0F5509217225CF0037ADC6 /* 5.jpg */ = {isa = PBXFileReference; lastKnownFileType = image.jpeg; path = 5.jpg; sourceTree = "<group>"; };
		2F0F550A217225CF0037ADC6 /* 7.jpg */ = {isa = PBXFileReference; lastKnownFileType = image.jpeg; path = 7.jpg; sourceTree = "<group>"; };
		2F0F550B217225CF0037ADC6 /* 6.jpg */ = {isa = PBXFileReference; lastKnownFileType = image.jpeg; path = 6.jpg; sourceTree = "<group>"; };
		2F0F550C217225CF0037ADC6 /* 2.jpg */ = {isa = PBXFileReference; lastKnownFileType = image.jpeg; path = 2.jpg; sourceTree = "<group>"; };
		2F0F550D217225CF0037ADC6 /* 3.jpg */ = {isa = PBXFileReference; lastKnownFileType = image.jpeg; path = 3.jpg; sourceTree = "<group>"; };
		2F0F550E217225CF0037ADC6 /* 1.jpg */ = {isa = PBXFileReference; lastKnownFileType = image.jpeg; path = 1.jpg; sourceTree = "<group>"; };
/* End PBXFileReference section */

/* Begin PBXFrameworksBuildPhase section */
		2F0F54E7217222E30037ADC6 /* Frameworks */ = {
			isa = PBXFrameworksBuildPhase;
			buildActionMask = 2147483647;
			files = (
			);
			runOnlyForDeploymentPostprocessing = 0;
		};
/* End PBXFrameworksBuildPhase section */

/* Begin PBXGroup section */
		2F0F54E1217222E30037ADC6 = {
			isa = PBXGroup;
			children = (
				2F0F54EC217222E30037ADC6 /* ImageDrag */,
				2F0F54EB217222E30037ADC6 /* Products */,
			);
			sourceTree = "<group>";
		};
		2F0F54EB217222E30037ADC6 /* Products */ = {
			isa = PBXGroup;
			children = (
				2F0F54EA217222E30037ADC6 /* ImageDrag.app */,
			);
			name = Products;
			sourceTree = "<group>";
		};
		2F0F54EC217222E30037ADC6 /* ImageDrag */ = {
			isa = PBXGroup;
			children = (
				2F0F54ED217222E30037ADC6 /* AppDelegate.h */,
				2F0F54EE217222E30037ADC6 /* AppDelegate.m */,
				2F0F54F0217222E30037ADC6 /* ViewController.h */,
				2F0F54F1217222E30037ADC6 /* ViewController.m */,
				2F0F5503217225CF0037ADC6 /* 图片库 */,
				2F0F54F6217222E50037ADC6 /* Assets.xcassets */,
				2F0F54F3217222E30037ADC6 /* Main.storyboard */,
				2F0F54F8217222E50037ADC6 /* LaunchScreen.storyboard */,
				2F0F54FB217222E50037ADC6 /* Info.plist */,
				2F0F54FC217222E50037ADC6 /* main.m */,
			);
			path = ImageDrag;
			sourceTree = "<group>";
		};
		2F0F5503217225CF0037ADC6 /* 图片库 */ = {
			isa = PBXGroup;
			children = (
				2F0F5505217225CF0037ADC6 /* 9.jpg */,
				2F0F5506217225CF0037ADC6 /* 8.jpg */,
				2F0F5507217225CF0037ADC6 /* 0.jpg */,
				2F0F5508217225CF0037ADC6 /* 4.jpg */,
				2F0F5509217225CF0037ADC6 /* 5.jpg */,
				2F0F550A217225CF0037ADC6 /* 7.jpg */,
				2F0F550B217225CF0037ADC6 /* 6.jpg */,
				2F0F550C217225CF0037ADC6 /* 2.jpg */,
				2F0F550D217225CF0037ADC6 /* 3.jpg */,
				2F0F550E217225CF0037ADC6 /* 1.jpg */,
			);
			path = "图片库";
			sourceTree = "<group>";
		};
/* End PBXGroup section */

/* Begin PBXNativeTarget section */
		2F0F54E9217222E30037ADC6 /* ImageDrag */ = {
			isa = PBXNativeTarget;
			buildConfigurationList = 2F0F5500217222E50037ADC6 /* Build configuration list for PBXNativeTarget "ImageDrag" */;
			buildPhases = (
				2F0F54E6217222E30037ADC6 /* Sources */,
				2F0F54E7217222E30037ADC6 /* Frameworks */,
				2F0F54E8217222E30037ADC6 /* Resources */,
			);
			buildRules = (
			);
			dependencies = (
			);
			name = ImageDrag;
			productName = ImageDrag;
			productReference = 2F0F54EA217222E30037ADC6 /* ImageDrag.app */;
			productType = "com.apple.product-type.application";
		};
/* End PBXNativeTarget section */

/* Begin PBXProject section */
		2F0F54E2217222E30037ADC6 /* Project object */ = {
			isa = PBXProject;
			attributes = {
				LastUpgradeCheck = 1000;
				ORGANIZATIONNAME = "道道明明白白";
				TargetAttributes = {
					2F0F54E9217222E30037ADC6 = {
						CreatedOnToolsVersion = 10.0;
					};
				};
			};
			buildConfigurationList = 2F0F54E5217222E30037ADC6 /* Build configuration list for PBXProject "ImageDrag" */;
			compatibilityVersion = "Xcode 9.3";
			developmentRegion = en;
			hasScannedForEncodings = 0;
			knownRegions = (
				en,
				Base,
			);
			mainGroup = 2F0F54E1217222E30037ADC6;
			productRefGroup = 2F0F54EB217222E30037ADC6 /* Products */;
			projectDirPath = "";
			projectRoot = "";
			targets = (
				2F0F54E9217222E30037ADC6 /* ImageDrag */,
			);
		};
/* End PBXProject section */

/* Begin PBXResourcesBuildPhase section */
		2F0F54E8217222E30037ADC6 /* Resources */ = {
			isa = PBXResourcesBuildPhase;
			buildActionMask = 2147483647;
			files = (
				2F0F5516217225CF0037ADC6 /* 6.jpg in Resources */,
				2F0F5513217225CF0037ADC6 /* 4.jpg in Resources */,
				2F0F5512217225CF0037ADC6 /* 0.jpg in Resources */,
				2F0F5518217225CF0037ADC6 /* 3.jpg in Resources */,
				2F0F5514217225CF0037ADC6 /* 5.jpg in Resources */,
				2F0F54FA217222E50037ADC6 /* LaunchScreen.storyboard in Resources */,
				2F0F5517217225CF0037ADC6 /* 2.jpg in Resources */,
				2F0F54F7217222E50037ADC6 /* Assets.xcassets in Resources */,
				2F0F5511217225CF0037ADC6 /* 8.jpg in Resources */,
				2F0F5515217225CF0037ADC6 /* 7.jpg in Resources */,
				2F0F5510217225CF0037ADC6 /* 9.jpg in Resources */,
				2F0F54F5217222E30037ADC6 /* Main.storyboard in Resources */,
				2F0F5519217225CF0037ADC6 /* 1.jpg in Resources */,
			);
			runOnlyForDeploymentPostprocessing = 0;
		};
/* End PBXResourcesBuildPhase section */

/* Begin PBXSourcesBuildPhase section */
		2F0F54E6217222E30037ADC6 /* Sources */ = {
			isa = PBXSourcesBuildPhase;
			buildActionMask = 2147483647;
			files = (
				2F0F54F2217222E30037ADC6 /* ViewController.m in Sources */,
				2F0F54FD217222E50037ADC6 /* main.m in Sources */,
				2F0F54EF217222E30037ADC6 /* AppDelegate.m in Sources */,
			);
			runOnlyForDeploymentPostprocessing = 0;
		};
/* End PBXSourcesBuildPhase section */

/* Begin PBXVariantGroup section */
		2F0F54F3217222E30037ADC6 /* Main.storyboard */ = {
			isa = PBXVariantGroup;
			children = (
				2F0F54F4217222E30037ADC6 /* Base */,
			);
			name = Main.storyboard;
			sourceTree = "<group>";
		};
		2F0F54F8217222E50037ADC6 /* LaunchScreen.storyboard */ = {
			isa = PBXVariantGroup;
			children = (
				2F0F54F9217222E50037ADC6 /* Base */,
			);
			name = LaunchScreen.storyboard;
			sourceTree = "<group>";
		};
/* End PBXVariantGroup section */

/* Begin XCBuildConfiguration section */
		2F0F54FE217222E50037ADC6 /* Debug */ = {
			isa = XCBuildConfiguration;
			buildSettings = {
				ALWAYS_SEARCH_USER_PATHS = NO;
				CLANG_ANALYZER_NONNULL = YES;
				CLANG_ANALYZER_NUMBER_OBJECT_CONVERSION = YES_AGGRESSIVE;
				CLANG_CXX_LANGUAGE_STANDARD = "gnu++14";
				CLANG_CXX_LIBRARY = "libc++";
				CLANG_ENABLE_MODULES = YES;
				CLANG_ENABLE_OBJC_ARC = YES;
				CLANG_ENABLE_OBJC_WEAK = YES;
				CLANG_WARN_BLOCK_CAPTURE_AUTORELEASING = YES;
				CLANG_WARN_BOOL_CONVERSION = YES;
				CLANG_WARN_COMMA = YES;
				CLANG_WARN_CONSTANT_CONVERSION = YES;
				CLANG_WARN_DEPRECATED_OBJC_IMPLEMENTATIONS = YES;
				CLANG_WARN_DIRECT_OBJC_ISA_USAGE = YES_ERROR;
				CLANG_WARN_DOCUMENTATION_COMMENTS = YES;
				CLANG_WARN_EMPTY_BODY = YES;
				CLANG_WARN_ENUM_CONVERSION = YES;
				CLANG_WARN_INFINITE_RECURSION = YES;
				CLANG_WARN_INT_CONVERSION = YES;
				CLANG_WARN_NON_LITERAL_NULL_CONVERSION = YES;
				CLANG_WARN_OBJC_IMPLICIT_RETAIN_SELF = YES;
				CLANG_WARN_OBJC_LITERAL_CONVERSION = YES;
				CLANG_WARN_OBJC_ROOT_CLASS = YES_ERROR;
				CLANG_WARN_RANGE_LOOP_ANALYSIS = YES;
				CLANG_WARN_STRICT_PROTOTYPES = YES;
				CLANG_WARN_SUSPICIOUS_MOVE = YES;
				CLANG_WARN_UNGUARDED_AVAILABILITY = YES_AGGRESSIVE;
				CLANG_WARN_UNREACHABLE_CODE = YES;
				CLANG_WARN__DUPLICATE_METHOD_MATCH = YES;
				CODE_SIGN_IDENTITY = "iPhone Developer";
				COPY_PHASE_STRIP = NO;
				DEBUG_INFORMATION_FORMAT = dwarf;
				ENABLE_STRICT_OBJC_MSGSEND = YES;
				ENABLE_TESTABILITY = YES;
				GCC_C_LANGUAGE_STANDARD = gnu11;
				GCC_DYNAMIC_NO_PIC = NO;
				GCC_NO_COMMON_BLOCKS = YES;
				GCC_OPTIMIZATION_LEVEL = 0;
				GCC_PREPROCESSOR_DEFINITIONS = (
					"DEBUG=1",
					"$(inherited)",
				);
				GCC_WARN_64_TO_32_BIT_CONVERSION = YES;
				GCC_WARN_ABOUT_RETURN_TYPE = YES_ERROR;
				GCC_WARN_UNDECLARED_SELECTOR = YES;
				GCC_WARN_UNINITIALIZED_AUTOS = YES_AGGRESSIVE;
				GCC_WARN_UNUSED_FUNCTION = YES;
				GCC_WARN_UNUSED_VARIABLE = YES;
				IPHONEOS_DEPLOYMENT_TARGET = 12.0;
				MTL_ENABLE_DEBUG_INFO = INCLUDE_SOURCE;
				MTL_FAST_MATH = YES;
				ONLY_ACTIVE_ARCH = YES;
				SDKROOT = iphoneos;
			};
			name = Debug;
		};
		2F0F54FF217222E50037ADC6 /* Release */ = {
			isa = XCBuildConfiguration;
			buildSettings = {
				ALWAYS_SEARCH_USER_PATHS = NO;
				CLANG_ANALYZER_NONNULL = YES;
				CLANG_ANALYZER_NUMBER_OBJECT_CONVERSION = YES_AGGRESSIVE;
				CLANG_CXX_LANGUAGE_STANDARD = "gnu++14";
				CLANG_CXX_LIBRARY = "libc++";
				CLANG_ENABLE_MODULES = YES;
				CLANG_ENABLE_OBJC_ARC = YES;
				CLANG_ENABLE_OBJC_WEAK = YES;
				CLANG_WARN_BLOCK_CAPTURE_AUTORELEASING = YES;
				CLANG_WARN_BOOL_CONVERSION = YES;
				CLANG_WARN_COMMA = YES;
				CLANG_WARN_CONSTANT_CONVERSION = YES;
				CLANG_WARN_DEPRECATED_OBJC_IMPLEMENTATIONS = YES;
				CLANG_WARN_DIRECT_OBJC_ISA_USAGE = YES_ERROR;
				CLANG_WARN_DOCUMENTATION_COMMENTS = YES;
				CLANG_WARN_EMPTY_BODY = YES;
				CLANG_WARN_ENUM_CONVERSION = YES;
				CLANG_WARN_INFINITE_RECURSION = YES;
				CLANG_WARN_INT_CONVERSION = YES;
				CLANG_WARN_NON_LITERAL_NULL_CONVERSION = YES;
				CLANG_WARN_OBJC_IMPLICIT_RETAIN_SELF = YES;
				CLANG_WARN_OBJC_LITERAL_CONVERSION = YES;
				CLANG_WARN_OBJC_ROOT_CLASS = YES_ERROR;
				CLANG_WARN_RANGE_LOOP_ANALYSIS = YES;
				CLANG_WARN_STRICT_PROTOTYPES = YES;
				CLANG_WARN_SUSPICIOUS_MOVE = YES;
				CLANG_WARN_UNGUARDED_AVAILABILITY = YES_AGGRESSIVE;
				CLANG_WARN_UNREACHABLE_CODE = YES;
				CLANG_WARN__DUPLICATE_METHOD_MATCH = YES;
				CODE_SIGN_IDENTITY = "iPhone Developer";
				COPY_PHASE_STRIP = NO;
				DEBUG_INFORMATION_FORMAT = "dwarf-with-dsym";
				ENABLE_NS_ASSERTIONS = NO;
				ENABLE_STRICT_OBJC_MSGSEND = YES;
				GCC_C_LANGUAGE_STANDARD = gnu11;
				GCC_NO_COMMON_BLOCKS = YES;
				GCC_WARN_64_TO_32_BIT_CONVERSION = YES;
				GCC_WARN_ABOUT_RETURN_TYPE = YES_ERROR;
				GCC_WARN_UNDECLARED_SELECTOR = YES;
				GCC_WARN_UNINITIALIZED_AUTOS = YES_AGGRESSIVE;
				GCC_WARN_UNUSED_FUNCTION = YES;
				GCC_WARN_UNUSED_VARIABLE = YES;
				IPHONEOS_DEPLOYMENT_TARGET = 12.0;
				MTL_ENABLE_DEBUG_INFO = NO;
				MTL_FAST_MATH = YES;
				SDKROOT = iphoneos;
				VALIDATE_PRODUCT = YES;
			};
			name = Release;
		};
		2F0F5501217222E50037ADC6 /* Debug */ = {
			isa = XCBuildConfiguration;
			buildSettings = {
				ASSETCATALOG_COMPILER_APPICON_NAME = AppIcon;
				CODE_SIGN_STYLE = Automatic;
				DEVELOPMENT_TEAM = UJH48WSBNE;
				INFOPLIST_FILE = ImageDrag/Info.plist;
				IPHONEOS_DEPLOYMENT_TARGET = 9.0;
				LD_RUNPATH_SEARCH_PATHS = (
					"$(inherited)",
					"@executable_path/Frameworks",
				);
				PRODUCT_BUNDLE_IDENTIFIER = www.renrensheji.com.ImageDrag;
				PRODUCT_NAME = "$(TARGET_NAME)";
				TARGETED_DEVICE_FAMILY = "1,2";
			};
			name = Debug;
		};
		2F0F5502217222E50037ADC6 /* Release */ = {
			isa = XCBuildConfiguration;
			buildSettings = {
				ASSETCATALOG_COMPILER_APPICON_NAME = AppIcon;
				CODE_SIGN_STYLE = Automatic;
				DEVELOPMENT_TEAM = UJH48WSBNE;
				INFOPLIST_FILE = ImageDrag/Info.plist;
				IPHONEOS_DEPLOYMENT_TARGET = 9.0;
				LD_RUNPATH_SEARCH_PATHS = (
					"$(inherited)",
					"@executable_path/Frameworks",
				);
				PRODUCT_BUNDLE_IDENTIFIER = www.renrensheji.com.ImageDrag;
				PRODUCT_NAME = "$(TARGET_NAME)";
				TARGETED_DEVICE_FAMILY = "1,2";
			};
			name = Release;
		};
/* End XCBuildConfiguration section */

/* Begin XCConfigurationList section */
		2F0F54E5217222E30037ADC6 /* Build configuration list for PBXProject "ImageDrag" */ = {
			isa = XCConfigurationList;
			buildConfigurations = (
				2F0F54FE217222E50037ADC6 /* Debug */,
				2F0F54FF217222E50037ADC6 /* Release */,
			);
			defaultConfigurationIsVisible = 0;
			defaultConfigurationName = Release;
		};
		2F0F5500217222E50037ADC6 /* Build configuration list for PBXNativeTarget "ImageDrag" */ = {
			isa = XCConfigurationList;
			buildConfigurations = (
				2F0F5501217222E50037ADC6 /* Debug */,
				2F0F5502217222E50037ADC6 /* Release */,
			);
			defaultConfigurationIsVisible = 0;
			defaultConfigurationName = Release;
		};
/* End XCConfigurationList section */
	};
	rootObject = 2F0F54E2217222E30037ADC6 /* Project object */;
}
